
Microsoft Visual Studio Solution File, Format Version 12.00
# Visual Studio Version 17
VisualStudioVersion = 17.1.32319.34
MinimumVisualStudioVersion = 10.0.40219.1
Project("{9A19103F-16F7-4668-BE54-9A1E7A4F7556}") = "FacebookAutoPost", "FacebookAutoPost\FacebookAutoPost.csproj", "{BC657F2E-73B3-446C-BE37-C3738DFD45B9}"
EndProject
Project("{FAE04EC0-301F-11D3-BF4B-00C04F79EFBC}") = "TestProject1", "TestProject1\TestProject1.csproj", "{21CAEBA6-887C-4E8B-BCD8-D0077A6D7DEE}"
EndProject
Global
	GlobalSection(SolutionConfigurationPlatforms) = preSolution
		Debug|Any CPU = Debug|Any CPU
		Release|Any CPU = Release|Any CPU
	EndGlobalSection
	GlobalSection(ProjectConfigurationPlatforms) = postSolution
		{BC657F2E-73B3-446C-BE37-C3738DFD45B9}.Debug|Any CPU.ActiveCfg = Debug|Any CPU
		{BC657F2E-73B3-446C-BE37-C3738DFD45B9}.Debug|Any CPU.Build.0 = Debug|Any CPU
		{BC657F2E-73B3-446C-BE37-C3738DFD45B9}.Release|Any CPU.ActiveCfg = Release|Any CPU
		{BC657F2E-73B3-446C-BE37-C3738DFD45B9}.Release|Any CPU.Build.0 = Release|Any CPU
		{21CAEBA6-887C-4E8B-BCD8-D0077A6D7DEE}.Debug|Any CPU.ActiveCfg = Debug|Any CPU
		{21CAEBA6-887C-4E8B-BCD8-D0077A6D7DEE}.Debug|Any CPU.Build.0 = Debug|Any CPU
		{21CAEBA6-887C-4E8B-BCD8-D0077A6D7DEE}.Release|Any CPU.ActiveCfg = Release|Any CPU
		{21CAEBA6-887C-4E8B-BCD8-D0077A6D7DEE}.Release|Any CPU.Build.0 = Release|Any CPU
	EndGlobalSection
	GlobalSection(SolutionProperties) = preSolution
		HideSolutionNode = FALSE
	EndGlobalSection
	GlobalSection(ExtensibilityGlobals) = postSolution
		SolutionGuid = {78AB0AD9-E717-415D-9C2F-1249C4CE27BD}
	EndGlobalSection
EndGlobal
